{
  "name": "miniprogram-2",
  "lockfileVersion": 3,
  "requires": true,
  "packages": {
    "": {
      "dependencies": {
        "svg": "^0.1.0",
        "svg.js": "^2.7.1"
      }
    },
    "node_modules/svg": {
      "version": "0.1.0",
      "resolved": "https://registry.npmjs.org/svg/-/svg-0.1.0.tgz",
      "integrity": "sha512-tKPPdZUNwJoWhmDU4MvzJDoS3VmLaq47T0OuYLKYE4ZAnB+ockbt3F10fvWXXB7ZlpV0WEUhPd7sAAYg2WGCVQ=="
    },
    "node_modules/svg.js": {
      "version": "2.7.1",
      "resolved": "https://registry.npmjs.org/svg.js/-/svg.js-2.7.1.tgz",
      "integrity": "sha512-ycbxpizEQktk3FYvn/8BH+6/EuWXg7ZpQREJvgacqn46gIddG24tNNe4Son6omdXCnSOaApnpZw6MPCBA1dODA=="
    }
  }
}
